
Microsoft Visual Studio Solution File, Format Version 12.00
# Visual Studio Version 17
VisualStudioVersion = 17.10.34916.146
MinimumVisualStudioVersion = 10.0.40219.1
Project("{9A19103F-16F7-4668-BE54-9A1E7A4F7556}") = "EnglishHelper", "EnglishHelper\EnglishHelper.csproj", "{C7D6DF48-B16F-4BB2-B57E-A0AACB2C34BC}"
EndProject
Global
	GlobalSection(SolutionConfigurationPlatforms) = preSolution
		Debug|Any CPU = Debug|Any CPU
		Debug|x64 = Debug|x64
		Release|Any CPU = Release|Any CPU
		Release|x64 = Release|x64
	EndGlobalSection
	GlobalSection(ProjectConfigurationPlatforms) = postSolution
		{C7D6DF48-B16F-4BB2-B57E-A0AACB2C34BC}.Debug|Any CPU.ActiveCfg = Debug|Any CPU
		{C7D6DF48-B16F-4BB2-B57E-A0AACB2C34BC}.Debug|Any CPU.Build.0 = Debug|Any CPU
		{C7D6DF48-B16F-4BB2-B57E-A0AACB2C34BC}.Debug|x64.ActiveCfg = Debug|Any CPU
		{C7D6DF48-B16F-4BB2-B57E-A0AACB2C34BC}.Debug|x64.Build.0 = Debug|Any CPU
		{C7D6DF48-B16F-4BB2-B57E-A0AACB2C34BC}.Release|Any CPU.ActiveCfg = Release|x64
		{C7D6DF48-B16F-4BB2-B57E-A0AACB2C34BC}.Release|Any CPU.Build.0 = Release|x64
		{C7D6DF48-B16F-4BB2-B57E-A0AACB2C34BC}.Release|x64.ActiveCfg = Release|Any CPU
		{C7D6DF48-B16F-4BB2-B57E-A0AACB2C34BC}.Release|x64.Build.0 = Release|Any CPU
	EndGlobalSection
	GlobalSection(SolutionProperties) = preSolution
		HideSolutionNode = FALSE
	EndGlobalSection
	GlobalSection(ExtensibilityGlobals) = postSolution
		SolutionGuid = {8B8086B6-C6DF-459D-9D0C-CE73797D6539}
	EndGlobalSection
EndGlobal
