
Microsoft Visual Studio Solution File, Format Version 12.00
# Visual Studio Version 17
VisualStudioVersion = 17.5.002.0
MinimumVisualStudioVersion = 10.0.40219.1
Project("{9A19103F-16F7-4668-BE54-9A1E7A4F7556}") = "EnglishHelper", "EnglishHelper.csproj", "{A9837BB0-D8C2-48CA-92B2-D8BD1E4DA49E}"
EndProject
Global
	GlobalSection(SolutionConfigurationPlatforms) = preSolution
		Debug|Any CPU = Debug|Any CPU
		Release|Any CPU = Release|Any CPU
	EndGlobalSection
	GlobalSection(ProjectConfigurationPlatforms) = postSolution
		{A9837BB0-D8C2-48CA-92B2-D8BD1E4DA49E}.Debug|Any CPU.ActiveCfg = Debug|Any CPU
		{A9837BB0-D8C2-48CA-92B2-D8BD1E4DA49E}.Debug|Any CPU.Build.0 = Debug|Any CPU
		{A9837BB0-D8C2-48CA-92B2-D8BD1E4DA49E}.Release|Any CPU.ActiveCfg = Release|Any CPU
		{A9837BB0-D8C2-48CA-92B2-D8BD1E4DA49E}.Release|Any CPU.Build.0 = Release|Any CPU
	EndGlobalSection
	GlobalSection(SolutionProperties) = preSolution
		HideSolutionNode = FALSE
	EndGlobalSection
	GlobalSection(ExtensibilityGlobals) = postSolution
		SolutionGuid = {A32A94BA-2D31-4C4A-9714-CB1414D235DD}
	EndGlobalSection
EndGlobal
